// !$*UTF8*$!
{
	archiveVersion = 1;
	classes = {
	};
	objectVersion = 56;
	objects = {

/* Begin PBXBuildFile section */
		CB58AC8E29BE04B70094C775 /* AppDelegate.swift in Sources */ = {isa = PBXBuildFile; fileRef = CB58AC8D29BE04B70094C775 /* AppDelegate.swift */; };
		CB58AC9029BE04B70094C775 /* SceneDelegate.swift in Sources */ = {isa = PBXBuildFile; fileRef = CB58AC8F29BE04B70094C775 /* SceneDelegate.swift */; };
		CB58AC9229BE04B70094C775 /* ViewController.swift in Sources */ = {isa = PBXBuildFile; fileRef = CB58AC9129BE04B70094C775 /* ViewController.swift */; };
		CB58AC9529BE04B70094C775 /* Main.storyboard in Resources */ = {isa = PBXBuildFile; fileRef = CB58AC9329BE04B70094C775 /* Main.storyboard */; };
		CB58AC9729BE04B70094C775 /* Assets.xcassets in Resources */ = {isa = PBXBuildFile; fileRef = CB58AC9629BE04B70094C775 /* Assets.xcassets */; };
		CB58AC9A29BE04B70094C775 /* LaunchScreen.storyboard in Resources */ = {isa = PBXBuildFile; fileRef = CB58AC9829BE04B70094C775 /* LaunchScreen.storyboard */; };
		CB58ACA529BE04B80094C775 /* MercadoLibreTests.swift in Sources */ = {isa = PBXBuildFile; fileRef = CB58ACA429BE04B80094C775 /* MercadoLibreTests.swift */; };
		CB58ACAF29BE04B80094C775 /* MercadoLibreUITests.swift in Sources */ = {isa = PBXBuildFile; fileRef = CB58ACAE29BE04B80094C775 /* MercadoLibreUITests.swift */; };
		CB58ACB129BE04B80094C775 /* MercadoLibreUITestsLaunchTests.swift in Sources */ = {isa = PBXBuildFile; fileRef = CB58ACB029BE04B80094C775 /* MercadoLibreUITestsLaunchTests.swift */; };
/* End PBXBuildFile section */

/* Begin PBXContainerItemProxy section */
		CB58ACA129BE04B80094C775 /* PBXContainerItemProxy */ = {
			isa = PBXContainerItemProxy;
			containerPortal = CB58AC8229BE04B60094C775 /* Project object */;
			proxyType = 1;
			remoteGlobalIDString = CB58AC8929BE04B70094C775;
			remoteInfo = MercadoLibre;
		};
		CB58ACAB29BE04B80094C775 /* PBXContainerItemProxy */ = {
			isa = PBXContainerItemProxy;
			containerPortal = CB58AC8229BE04B60094C775 /* Project object */;
			proxyType = 1;
			remoteGlobalIDString = CB58AC8929BE04B70094C775;
			remoteInfo = MercadoLibre;
		};
/* End PBXContainerItemProxy section */

/* Begin PBXFileReference section */
		CB58AC8A29BE04B70094C775 /* MercadoLibre.app */ = {isa = PBXFileReference; explicitFileType = wrapper.application; includeInIndex = 0; path = MercadoLibre.app; sourceTree = BUILT_PRODUCTS_DIR; };
		CB58AC8D29BE04B70094C775 /* AppDelegate.swift */ = {isa = PBXFileReference; lastKnownFileType = sourcecode.swift; path = AppDelegate.swift; sourceTree = "<group>"; };
		CB58AC8F29BE04B70094C775 /* SceneDelegate.swift */ = {isa = PBXFileReference; lastKnownFileType = sourcecode.swift; path = SceneDelegate.swift; sourceTree = "<group>"; };
		CB58AC9129BE04B70094C775 /* ViewController.swift */ = {isa = PBXFileReference; lastKnownFileType = sourcecode.swift; path = ViewController.swift; sourceTree = "<group>"; };
		CB58AC9429BE04B70094C775 /* Base */ = {isa = PBXFileReference; lastKnownFileType = file.storyboard; name = Base; path = Base.lproj/Main.storyboard; sourceTree = "<group>"; };
		CB58AC9629BE04B70094C775 /* Assets.xcassets */ = {isa = PBXFileReference; lastKnownFileType = folder.assetcatalog; path = Assets.xcassets; sourceTree = "<group>"; };
		CB58AC9929BE04B70094C775 /* Base */ = {isa = PBXFileReference; lastKnownFileType = file.storyboard; name = Base; path = Base.lproj/LaunchScreen.storyboard; sourceTree = "<group>"; };
		CB58AC9B29BE04B70094C775 /* Info.plist */ = {isa = PBXFileReference; lastKnownFileType = text.plist.xml; path = Info.plist; sourceTree = "<group>"; };
		CB58ACA029BE04B80094C775 /* MercadoLibreTests.xctest */ = {isa = PBXFileReference; explicitFileType = wrapper.cfbundle; includeInIndex = 0; path = MercadoLibreTests.xctest; sourceTree = BUILT_PRODUCTS_DIR; };
		CB58ACA429BE04B80094C775 /* MercadoLibreTests.swift */ = {isa = PBXFileReference; lastKnownFileType = sourcecode.swift; path = MercadoLibreTests.swift; sourceTree = "<group>"; };
		CB58ACAA29BE04B80094C775 /* MercadoLibreUITests.xctest */ = {isa = PBXFileReference; explicitFileType = wrapper.cfbundle; includeInIndex = 0; path = MercadoLibreUITests.xctest; sourceTree = BUILT_PRODUCTS_DIR; };
		CB58ACAE29BE04B80094C775 /* MercadoLibreUITests.swift */ = {isa = PBXFileReference; lastKnownFileType = sourcecode.swift; path = MercadoLibreUITests.swift; sourceTree = "<group>"; };
		CB58ACB029BE04B80094C775 /* MercadoLibreUITestsLaunchTests.swift */ = {isa = PBXFileReference; lastKnownFileType = sourcecode.swift; path = MercadoLibreUITestsLaunchTests.swift; sourceTree = "<group>"; };
/* End PBXFileReference section */

/* Begin PBXFrameworksBuildPhase section */
		CB58AC8729BE04B70094C775 /* Frameworks */ = {
			isa = PBXFrameworksBuildPhase;
			buildActionMask = 2147483647;
			files = (
			);
			runOnlyForDeploymentPostprocessing = 0;
		};
		CB58AC9D29BE04B80094C775 /* Frameworks */ = {
			isa = PBXFrameworksBuildPhase;
			buildActionMask = 2147483647;
			files = (
			);
			runOnlyForDeploymentPostprocessing = 0;
		};
		CB58ACA729BE04B80094C775 /* Frameworks */ = {
			isa = PBXFrameworksBuildPhase;
			buildActionMask = 2147483647;
			files = (
			);
			runOnlyForDeploymentPostprocessing = 0;
		};
/* End PBXFrameworksBuildPhase section */

/* Begin PBXGroup section */
		CB58AC8129BE04B60094C775 = {
			isa = PBXGroup;
			children = (
				CB58AC8C29BE04B70094C775 /* MercadoLibre */,
				CB58ACA329BE04B80094C775 /* MercadoLibreTests */,
				CB58ACAD29BE04B80094C775 /* MercadoLibreUITests */,
				CB58AC8B29BE04B70094C775 /* Products */,
			);
			sourceTree = "<group>";
		};
		CB58AC8B29BE04B70094C775 /* Products */ = {
			isa = PBXGroup;
			children = (
				CB58AC8A29BE04B70094C775 /* MercadoLibre.app */,
				CB58ACA029BE04B80094C775 /* MercadoLibreTests.xctest */,
				CB58ACAA29BE04B80094C775 /* MercadoLibreUITests.xctest */,
			);
			name = Products;
			sourceTree = "<group>";
		};
		CB58AC8C29BE04B70094C775 /* MercadoLibre */ = {
			isa = PBXGroup;
			children = (
				CB58AC8D29BE04B70094C775 /* AppDelegate.swift */,
				CB58AC8F29BE04B70094C775 /* SceneDelegate.swift */,
				CB58AC9129BE04B70094C775 /* ViewController.swift */,
				CB58AC9329BE04B70094C775 /* Main.storyboard */,
				CB58AC9629BE04B70094C775 /* Assets.xcassets */,
				CB58AC9829BE04B70094C775 /* LaunchScreen.storyboard */,
				CB58AC9B29BE04B70094C775 /* Info.plist */,
			);
			path = MercadoLibre;
			sourceTree = "<group>";
		};
		CB58ACA329BE04B80094C775 /* MercadoLibreTests */ = {
			isa = PBXGroup;
			children = (
				CB58ACA429BE04B80094C775 /* MercadoLibreTests.swift */,
			);
			path = MercadoLibreTests;
			sourceTree = "<group>";
		};
		CB58ACAD29BE04B80094C775 /* MercadoLibreUITests */ = {
			isa = PBXGroup;
			children = (
				CB58ACAE29BE04B80094C775 /* MercadoLibreUITests.swift */,
				CB58ACB029BE04B80094C775 /* MercadoLibreUITestsLaunchTests.swift */,
			);
			path = MercadoLibreUITests;
			sourceTree = "<group>";
		};
/* End PBXGroup section */

/* Begin PBXNativeTarget section */
		CB58AC8929BE04B70094C775 /* MercadoLibre */ = {
			isa = PBXNativeTarget;
			buildConfigurationList = CB58ACB429BE04B80094C775 /* Build configuration list for PBXNativeTarget "MercadoLibre" */;
			buildPhases = (
				CB58AC8629BE04B70094C775 /* Sources */,
				CB58AC8729BE04B70094C775 /* Frameworks */,
				CB58AC8829BE04B70094C775 /* Resources */,
			);
			buildRules = (
			);
			dependencies = (
			);
			name = MercadoLibre;
			productName = MercadoLibre;
			productReference = CB58AC8A29BE04B70094C775 /* MercadoLibre.app */;
			productType = "com.apple.product-type.application";
		};
		CB58AC9F29BE04B80094C775 /* MercadoLibreTests */ = {
			isa = PBXNativeTarget;
			buildConfigurationList = CB58ACB729BE04B80094C775 /* Build configuration list for PBXNativeTarget "MercadoLibreTests" */;
			buildPhases = (
				CB58AC9C29BE04B80094C775 /* Sources */,
				CB58AC9D29BE04B80094C775 /* Frameworks */,
				CB58AC9E29BE04B80094C775 /* Resources */,
			);
			buildRules = (
			);
			dependencies = (
				CB58ACA229BE04B80094C775 /* PBXTargetDependency */,
			);
			name = MercadoLibreTests;
			productName = MercadoLibreTests;
			productReference = CB58ACA029BE04B80094C775 /* MercadoLibreTests.xctest */;
			productType = "com.apple.product-type.bundle.unit-test";
		};
		CB58ACA929BE04B80094C775 /* MercadoLibreUITests */ = {
			isa = PBXNativeTarget;
			buildConfigurationList = CB58ACBA29BE04B80094C775 /* Build configuration list for PBXNativeTarget "MercadoLibreUITests" */;
			buildPhases = (
				CB58ACA629BE04B80094C775 /* Sources */,
				CB58ACA729BE04B80094C775 /* Frameworks */,
				CB58ACA829BE04B80094C775 /* Resources */,
			);
			buildRules = (
			);
			dependencies = (
				CB58ACAC29BE04B80094C775 /* PBXTargetDependency */,
			);
			name = MercadoLibreUITests;
			productName = MercadoLibreUITests;
			productReference = CB58ACAA29BE04B80094C775 /* MercadoLibreUITests.xctest */;
			productType = "com.apple.product-type.bundle.ui-testing";
		};
/* End PBXNativeTarget section */

/* Begin PBXProject section */
		CB58AC8229BE04B60094C775 /* Project object */ = {
			isa = PBXProject;
			attributes = {
				BuildIndependentTargetsInParallel = 1;
				LastSwiftUpdateCheck = 1410;
				LastUpgradeCheck = 1410;
				TargetAttributes = {
					CB58AC8929BE04B70094C775 = {
						CreatedOnToolsVersion = 14.1;
					};
					CB58AC9F29BE04B80094C775 = {
						CreatedOnToolsVersion = 14.1;
						TestTargetID = CB58AC8929BE04B70094C775;
					};
					CB58ACA929BE04B80094C775 = {
						CreatedOnToolsVersion = 14.1;
						TestTargetID = CB58AC8929BE04B70094C775;
					};
				};
			};
			buildConfigurationList = CB58AC8529BE04B60094C775 /* Build configuration list for PBXProject "MercadoLibre" */;
			compatibilityVersion = "Xcode 14.0";
			developmentRegion = en;
			hasScannedForEncodings = 0;
			knownRegions = (
				en,
				Base,
			);
			mainGroup = CB58AC8129BE04B60094C775;
			productRefGroup = CB58AC8B29BE04B70094C775 /* Products */;
			projectDirPath = "";
			projectRoot = "";
			targets = (
				CB58AC8929BE04B70094C775 /* MercadoLibre */,
				CB58AC9F29BE04B80094C775 /* MercadoLibreTests */,
				CB58ACA929BE04B80094C775 /* MercadoLibreUITests */,
			);
		};
/* End PBXProject section */

/* Begin PBXResourcesBuildPhase section */
		CB58AC8829BE04B70094C775 /* Resources */ = {
			isa = PBXResourcesBuildPhase;
			buildActionMask = 2147483647;
			files = (
				CB58AC9A29BE04B70094C775 /* LaunchScreen.storyboard in Resources */,
				CB58AC9729BE04B70094C775 /* Assets.xcassets in Resources */,
				CB58AC9529BE04B70094C775 /* Main.storyboard in Resources */,
			);
			runOnlyForDeploymentPostprocessing = 0;
		};
		CB58AC9E29BE04B80094C775 /* Resources */ = {
			isa = PBXResourcesBuildPhase;
			buildActionMask = 2147483647;
			files = (
			);
			runOnlyForDeploymentPostprocessing = 0;
		};
		CB58ACA829BE04B80094C775 /* Resources */ = {
			isa = PBXResourcesBuildPhase;
			buildActionMask = 2147483647;
			files = (
			);
			runOnlyForDeploymentPostprocessing = 0;
		};
/* End PBXResourcesBuildPhase section */

/* Begin PBXSourcesBuildPhase section */
		CB58AC8629BE04B70094C775 /* Sources */ = {
			isa = PBXSourcesBuildPhase;
			buildActionMask = 2147483647;
			files = (
				CB58AC9229BE04B70094C775 /* ViewController.swift in Sources */,
				CB58AC8E29BE04B70094C775 /* AppDelegate.swift in Sources */,
				CB58AC9029BE04B70094C775 /* SceneDelegate.swift in Sources */,
			);
			runOnlyForDeploymentPostprocessing = 0;
		};
		CB58AC9C29BE04B80094C775 /* Sources */ = {
			isa = PBXSourcesBuildPhase;
			buildActionMask = 2147483647;
			files = (
				CB58ACA529BE04B80094C775 /* MercadoLibreTests.swift in Sources */,
			);
			runOnlyForDeploymentPostprocessing = 0;
		};
		CB58ACA629BE04B80094C775 /* Sources */ = {
			isa = PBXSourcesBuildPhase;
			buildActionMask = 2147483647;
			files = (
				CB58ACAF29BE04B80094C775 /* MercadoLibreUITests.swift in Sources */,
				CB58ACB129BE04B80094C775 /* MercadoLibreUITestsLaunchTests.swift in Sources */,
			);
			runOnlyForDeploymentPostprocessing = 0;
		};
/* End PBXSourcesBuildPhase section */

/* Begin PBXTargetDependency section */
		CB58ACA229BE04B80094C775 /* PBXTargetDependency */ = {
			isa = PBXTargetDependency;
			target = CB58AC8929BE04B70094C775 /* MercadoLibre */;
			targetProxy = CB58ACA129BE04B80094C775 /* PBXContainerItemProxy */;
		};
		CB58ACAC29BE04B80094C775 /* PBXTargetDependency */ = {
			isa = PBXTargetDependency;
			target = CB58AC8929BE04B70094C775 /* MercadoLibre */;
			targetProxy = CB58ACAB29BE04B80094C775 /* PBXContainerItemProxy */;
		};
/* End PBXTargetDependency section */

/* Begin PBXVariantGroup section */
		CB58AC9329BE04B70094C775 /* Main.storyboard */ = {
			isa = PBXVariantGroup;
			children = (
				CB58AC9429BE04B70094C775 /* Base */,
			);
			name = Main.storyboard;
			sourceTree = "<group>";
		};
		CB58AC9829BE04B70094C775 /* LaunchScreen.storyboard */ = {
			isa = PBXVariantGroup;
			children = (
				CB58AC9929BE04B70094C775 /* Base */,
			);
			name = LaunchScreen.storyboard;
			sourceTree = "<group>";
		};
/* End PBXVariantGroup section */

/* Begin XCBuildConfiguration section */
		CB58ACB229BE04B80094C775 /* Debug */ = {
			isa = XCBuildConfiguration;
			buildSettings = {
				ALWAYS_SEARCH_USER_PATHS = NO;
				CLANG_ANALYZER_NONNULL = YES;
				CLANG_ANALYZER_NUMBER_OBJECT_CONVERSION = YES_AGGRESSIVE;
				CLANG_CXX_LANGUAGE_STANDARD = "gnu++20";
				CLANG_ENABLE_MODULES = YES;
				CLANG_ENABLE_OBJC_ARC = YES;
				CLANG_ENABLE_OBJC_WEAK = YES;
				CLANG_WARN_BLOCK_CAPTURE_AUTORELEASING = YES;
				CLANG_WARN_BOOL_CONVERSION = YES;
				CLANG_WARN_COMMA = YES;
				CLANG_WARN_CONSTANT_CONVERSION = YES;
				CLANG_WARN_DEPRECATED_OBJC_IMPLEMENTATIONS = YES;
				CLANG_WARN_DIRECT_OBJC_ISA_USAGE = YES_ERROR;
				CLANG_WARN_DOCUMENTATION_COMMENTS = YES;
				CLANG_WARN_EMPTY_BODY = YES;
				CLANG_WARN_ENUM_CONVERSION = YES;
				CLANG_WARN_INFINITE_RECURSION = YES;
				CLANG_WARN_INT_CONVERSION = YES;
				CLANG_WARN_NON_LITERAL_NULL_CONVERSION = YES;
				CLANG_WARN_OBJC_IMPLICIT_RETAIN_SELF = YES;
				CLANG_WARN_OBJC_LITERAL_CONVERSION = YES;
				CLANG_WARN_OBJC_ROOT_CLASS = YES_ERROR;
				CLANG_WARN_QUOTED_INCLUDE_IN_FRAMEWORK_HEADER = YES;
				CLANG_WARN_RANGE_LOOP_ANALYSIS = YES;
				CLANG_WARN_STRICT_PROTOTYPES = YES;
				CLANG_WARN_SUSPICIOUS_MOVE = YES;
				CLANG_WARN_UNGUARDED_AVAILABILITY = YES_AGGRESSIVE;
				CLANG_WARN_UNREACHABLE_CODE = YES;
				CLANG_WARN__DUPLICATE_METHOD_MATCH = YES;
				COPY_PHASE_STRIP = NO;
				DEBUG_INFORMATION_FORMAT = dwarf;
				ENABLE_STRICT_OBJC_MSGSEND = YES;
				ENABLE_TESTABILITY = YES;
				GCC_C_LANGUAGE_STANDARD = gnu11;
				GCC_DYNAMIC_NO_PIC = NO;
				GCC_NO_COMMON_BLOCKS = YES;
				GCC_OPTIMIZATION_LEVEL = 0;
				GCC_PREPROCESSOR_DEFINITIONS = (
					"DEBUG=1",
					"$(inherited)",
				);
				GCC_WARN_64_TO_32_BIT_CONVERSION = YES;
				GCC_WARN_ABOUT_RETURN_TYPE = YES_ERROR;
				GCC_WARN_UNDECLARED_SELECTOR = YES;
				GCC_WARN_UNINITIALIZED_AUTOS = YES_AGGRESSIVE;
				GCC_WARN_UNUSED_FUNCTION = YES;
				GCC_WARN_UNUSED_VARIABLE = YES;
				IPHONEOS_DEPLOYMENT_TARGET = 16.1;
				MTL_ENABLE_DEBUG_INFO = INCLUDE_SOURCE;
				MTL_FAST_MATH = YES;
				ONLY_ACTIVE_ARCH = YES;
				SDKROOT = iphoneos;
				SWIFT_ACTIVE_COMPILATION_CONDITIONS = DEBUG;
				SWIFT_OPTIMIZATION_LEVEL = "-Onone";
			};
			name = Debug;
		};
		CB58ACB329BE04B80094C775 /* Release */ = {
			isa = XCBuildConfiguration;
			buildSettings = {
				ALWAYS_SEARCH_USER_PATHS = NO;
				CLANG_ANALYZER_NONNULL = YES;
				CLANG_ANALYZER_NUMBER_OBJECT_CONVERSION = YES_AGGRESSIVE;
				CLANG_CXX_LANGUAGE_STANDARD = "gnu++20";
				CLANG_ENABLE_MODULES = YES;
				CLANG_ENABLE_OBJC_ARC = YES;
				CLANG_ENABLE_OBJC_WEAK = YES;
				CLANG_WARN_BLOCK_CAPTURE_AUTORELEASING = YES;
				CLANG_WARN_BOOL_CONVERSION = YES;
				CLANG_WARN_COMMA = YES;
				CLANG_WARN_CONSTANT_CONVERSION = YES;
				CLANG_WARN_DEPRECATED_OBJC_IMPLEMENTATIONS = YES;
				CLANG_WARN_DIRECT_OBJC_ISA_USAGE = YES_ERROR;
				CLANG_WARN_DOCUMENTATION_COMMENTS = YES;
				CLANG_WARN_EMPTY_BODY = YES;
				CLANG_WARN_ENUM_CONVERSION = YES;
				CLANG_WARN_INFINITE_RECURSION = YES;
				CLANG_WARN_INT_CONVERSION = YES;
				CLANG_WARN_NON_LITERAL_NULL_CONVERSION = YES;
				CLANG_WARN_OBJC_IMPLICIT_RETAIN_SELF = YES;
				CLANG_WARN_OBJC_LITERAL_CONVERSION = YES;
				CLANG_WARN_OBJC_ROOT_CLASS = YES_ERROR;
				CLANG_WARN_QUOTED_INCLUDE_IN_FRAMEWORK_HEADER = YES;
				CLANG_WARN_RANGE_LOOP_ANALYSIS = YES;
				CLANG_WARN_STRICT_PROTOTYPES = YES;
				CLANG_WARN_SUSPICIOUS_MOVE = YES;
				CLANG_WARN_UNGUARDED_AVAILABILITY = YES_AGGRESSIVE;
				CLANG_WARN_UNREACHABLE_CODE = YES;
				CLANG_WARN__DUPLICATE_METHOD_MATCH = YES;
				COPY_PHASE_STRIP = NO;
				DEBUG_INFORMATION_FORMAT = "dwarf-with-dsym";
				ENABLE_NS_ASSERTIONS = NO;
				ENABLE_STRICT_OBJC_MSGSEND = YES;
				GCC_C_LANGUAGE_STANDARD = gnu11;
				GCC_NO_COMMON_BLOCKS = YES;
				GCC_WARN_64_TO_32_BIT_CONVERSION = YES;
				GCC_WARN_ABOUT_RETURN_TYPE = YES_ERROR;
				GCC_WARN_UNDECLARED_SELECTOR = YES;
				GCC_WARN_UNINITIALIZED_AUTOS = YES_AGGRESSIVE;
				GCC_WARN_UNUSED_FUNCTION = YES;
				GCC_WARN_UNUSED_VARIABLE = YES;
				IPHONEOS_DEPLOYMENT_TARGET = 16.1;
				MTL_ENABLE_DEBUG_INFO = NO;
				MTL_FAST_MATH = YES;
				SDKROOT = iphoneos;
				SWIFT_COMPILATION_MODE = wholemodule;
				SWIFT_OPTIMIZATION_LEVEL = "-O";
				VALIDATE_PRODUCT = YES;
			};
			name = Release;
		};
		CB58ACB529BE04B80094C775 /* Debug */ = {
			isa = XCBuildConfiguration;
			buildSettings = {
				ASSETCATALOG_COMPILER_APPICON_NAME = AppIcon;
				ASSETCATALOG_COMPILER_GLOBAL_ACCENT_COLOR_NAME = AccentColor;
				CODE_SIGN_STYLE = Automatic;
				CURRENT_PROJECT_VERSION = 1;
				DEVELOPMENT_TEAM = FPBYM5H7VU;
				GENERATE_INFOPLIST_FILE = YES;
				INFOPLIST_FILE = MercadoLibre/Info.plist;
				INFOPLIST_KEY_UIApplicationSupportsIndirectInputEvents = YES;
				INFOPLIST_KEY_UILaunchStoryboardName = LaunchScreen;
				INFOPLIST_KEY_UIMainStoryboardFile = Main;
				INFOPLIST_KEY_UISupportedInterfaceOrientations_iPad = "UIInterfaceOrientationPortrait UIInterfaceOrientationPortraitUpsideDown UIInterfaceOrientationLandscapeLeft UIInterfaceOrientationLandscapeRight";
				INFOPLIST_KEY_UISupportedInterfaceOrientations_iPhone = "UIInterfaceOrientationPortrait UIInterfaceOrientationLandscapeLeft UIInterfaceOrientationLandscapeRight";
				LD_RUNPATH_SEARCH_PATHS = (
					"$(inherited)",
					"@executable_path/Frameworks",
				);
				MARKETING_VERSION = 1.0;
				PRODUCT_BUNDLE_IDENTIFIER = personal.MercadoLibre;
				PRODUCT_NAME = "$(TARGET_NAME)";
				SWIFT_EMIT_LOC_STRINGS = YES;
				SWIFT_VERSION = 5.0;
				TARGETED_DEVICE_FAMILY = "1,2";
			};
			name = Debug;
		};
		CB58ACB629BE04B80094C775 /* Release */ = {
			isa = XCBuildConfiguration;
			buildSettings = {
				ASSETCATALOG_COMPILER_APPICON_NAME = AppIcon;
				ASSETCATALOG_COMPILER_GLOBAL_ACCENT_COLOR_NAME = AccentColor;
				CODE_SIGN_STYLE = Automatic;
				CURRENT_PROJECT_VERSION = 1;
				DEVELOPMENT_TEAM = FPBYM5H7VU;
				GENERATE_INFOPLIST_FILE = YES;
				INFOPLIST_FILE = MercadoLibre/Info.plist;
				INFOPLIST_KEY_UIApplicationSupportsIndirectInputEvents = YES;
				INFOPLIST_KEY_UILaunchStoryboardName = LaunchScreen;
				INFOPLIST_KEY_UIMainStoryboardFile = Main;
				INFOPLIST_KEY_UISupportedInterfaceOrientations_iPad = "UIInterfaceOrientationPortrait UIInterfaceOrientationPortraitUpsideDown UIInterfaceOrientationLandscapeLeft UIInterfaceOrientationLandscapeRight";
				INFOPLIST_KEY_UISupportedInterfaceOrientations_iPhone = "UIInterfaceOrientationPortrait UIInterfaceOrientationLandscapeLeft UIInterfaceOrientationLandscapeRight";
				LD_RUNPATH_SEARCH_PATHS = (
					"$(inherited)",
					"@executable_path/Frameworks",
				);
				MARKETING_VERSION = 1.0;
				PRODUCT_BUNDLE_IDENTIFIER = personal.MercadoLibre;
				PRODUCT_NAME = "$(TARGET_NAME)";
				SWIFT_EMIT_LOC_STRINGS = YES;
				SWIFT_VERSION = 5.0;
				TARGETED_DEVICE_FAMILY = "1,2";
			};
			name = Release;
		};
		CB58ACB829BE04B80094C775 /* Debug */ = {
			isa = XCBuildConfiguration;
			buildSettings = {
				ALWAYS_EMBED_SWIFT_STANDARD_LIBRARIES = YES;
				BUNDLE_LOADER = "$(TEST_HOST)";
				CODE_SIGN_STYLE = Automatic;
				CURRENT_PROJECT_VERSION = 1;
				DEVELOPMENT_TEAM = FPBYM5H7VU;
				GENERATE_INFOPLIST_FILE = YES;
				IPHONEOS_DEPLOYMENT_TARGET = 16.1;
				MARKETING_VERSION = 1.0;
				PRODUCT_BUNDLE_IDENTIFIER = personal.MercadoLibreTests;
				PRODUCT_NAME = "$(TARGET_NAME)";
				SWIFT_EMIT_LOC_STRINGS = NO;
				SWIFT_VERSION = 5.0;
				TARGETED_DEVICE_FAMILY = "1,2";
				TEST_HOST = "$(BUILT_PRODUCTS_DIR)/MercadoLibre.app/$(BUNDLE_EXECUTABLE_FOLDER_PATH)/MercadoLibre";
			};
			name = Debug;
		};
		CB58ACB929BE04B80094C775 /* Release */ = {
			isa = XCBuildConfiguration;
			buildSettings = {
				ALWAYS_EMBED_SWIFT_STANDARD_LIBRARIES = YES;
				BUNDLE_LOADER = "$(TEST_HOST)";
				CODE_SIGN_STYLE = Automatic;
				CURRENT_PROJECT_VERSION = 1;
				DEVELOPMENT_TEAM = FPBYM5H7VU;
				GENERATE_INFOPLIST_FILE = YES;
				IPHONEOS_DEPLOYMENT_TARGET = 16.1;
				MARKETING_VERSION = 1.0;
				PRODUCT_BUNDLE_IDENTIFIER = personal.MercadoLibreTests;
				PRODUCT_NAME = "$(TARGET_NAME)";
				SWIFT_EMIT_LOC_STRINGS = NO;
				SWIFT_VERSION = 5.0;
				TARGETED_DEVICE_FAMILY = "1,2";
				TEST_HOST = "$(BUILT_PRODUCTS_DIR)/MercadoLibre.app/$(BUNDLE_EXECUTABLE_FOLDER_PATH)/MercadoLibre";
			};
			name = Release;
		};
		CB58ACBB29BE04B80094C775 /* Debug */ = {
			isa = XCBuildConfiguration;
			buildSettings = {
				ALWAYS_EMBED_SWIFT_STANDARD_LIBRARIES = YES;
				CODE_SIGN_STYLE = Automatic;
				CURRENT_PROJECT_VERSION = 1;
				DEVELOPMENT_TEAM = FPBYM5H7VU;
				GENERATE_INFOPLIST_FILE = YES;
				MARKETING_VERSION = 1.0;
				PRODUCT_BUNDLE_IDENTIFIER = personal.MercadoLibreUITests;
				PRODUCT_NAME = "$(TARGET_NAME)";
				SWIFT_EMIT_LOC_STRINGS = NO;
				SWIFT_VERSION = 5.0;
				TARGETED_DEVICE_FAMILY = "1,2";
				TEST_TARGET_NAME = MercadoLibre;
			};
			name = Debug;
		};
		CB58ACBC29BE04B80094C775 /* Release */ = {
			isa = XCBuildConfiguration;
			buildSettings = {
				ALWAYS_EMBED_SWIFT_STANDARD_LIBRARIES = YES;
				CODE_SIGN_STYLE = Automatic;
				CURRENT_PROJECT_VERSION = 1;
				DEVELOPMENT_TEAM = FPBYM5H7VU;
				GENERATE_INFOPLIST_FILE = YES;
				MARKETING_VERSION = 1.0;
				PRODUCT_BUNDLE_IDENTIFIER = personal.MercadoLibreUITests;
				PRODUCT_NAME = "$(TARGET_NAME)";
				SWIFT_EMIT_LOC_STRINGS = NO;
				SWIFT_VERSION = 5.0;
				TARGETED_DEVICE_FAMILY = "1,2";
				TEST_TARGET_NAME = MercadoLibre;
			};
			name = Release;
		};
/* End XCBuildConfiguration section */

/* Begin XCConfigurationList section */
		CB58AC8529BE04B60094C775 /* Build configuration list for PBXProject "MercadoLibre" */ = {
			isa = XCConfigurationList;
			buildConfigurations = (
				CB58ACB229BE04B80094C775 /* Debug */,
				CB58ACB329BE04B80094C775 /* Release */,
			);
			defaultConfigurationIsVisible = 0;
			defaultConfigurationName = Release;
		};
		CB58ACB429BE04B80094C775 /* Build configuration list for PBXNativeTarget "MercadoLibre" */ = {
			isa = XCConfigurationList;
			buildConfigurations = (
				CB58ACB529BE04B80094C775 /* Debug */,
				CB58ACB629BE04B80094C775 /* Release */,
			);
			defaultConfigurationIsVisible = 0;
			defaultConfigurationName = Release;
		};
		CB58ACB729BE04B80094C775 /* Build configuration list for PBXNativeTarget "MercadoLibreTests" */ = {
			isa = XCConfigurationList;
			buildConfigurations = (
				CB58ACB829BE04B80094C775 /* Debug */,
				CB58ACB929BE04B80094C775 /* Release */,
			);
			defaultConfigurationIsVisible = 0;
			defaultConfigurationName = Release;
		};
		CB58ACBA29BE04B80094C775 /* Build configuration list for PBXNativeTarget "MercadoLibreUITests" */ = {
			isa = XCConfigurationList;
			buildConfigurations = (
				CB58ACBB29BE04B80094C775 /* Debug */,
				CB58ACBC29BE04B80094C775 /* Release */,
			);
			defaultConfigurationIsVisible = 0;
			defaultConfigurationName = Release;
		};
/* End XCConfigurationList section */
	};
	rootObject = CB58AC8229BE04B60094C775 /* Project object */;
}
